
Microsoft Visual Studio Solution File, Format Version 12.00
# Visual Studio Version 16
VisualStudioVersion = 16.0.29509.3
MinimumVisualStudioVersion = 10.0.40219.1
Project("{FAE04EC0-301F-11D3-BF4B-00C04F79EFBC}") = "WCount01", "WCount01\WCount01.csproj", "{FD33695E-21CC-4701-A789-FF63D7B11AB7}"
EndProject
Global
	GlobalSection(SolutionConfigurationPlatforms) = preSolution
		Debug|Any CPU = Debug|Any CPU
		Release|Any CPU = Release|Any CPU
	EndGlobalSection
	GlobalSection(ProjectConfigurationPlatforms) = postSolution
		{FD33695E-21CC-4701-A789-FF63D7B11AB7}.Debug|Any CPU.ActiveCfg = Debug|Any CPU
		{FD33695E-21CC-4701-A789-FF63D7B11AB7}.Debug|Any CPU.Build.0 = Debug|Any CPU
		{FD33695E-21CC-4701-A789-FF63D7B11AB7}.Release|Any CPU.ActiveCfg = Release|Any CPU
		{FD33695E-21CC-4701-A789-FF63D7B11AB7}.Release|Any CPU.Build.0 = Release|Any CPU
	EndGlobalSection
	GlobalSection(SolutionProperties) = preSolution
		HideSolutionNode = FALSE
	EndGlobalSection
	GlobalSection(ExtensibilityGlobals) = postSolution
		SolutionGuid = {8F694FA6-25EB-4EA9-8744-C6E8E00F3F90}
	EndGlobalSection
EndGlobal
